<?xml version="1.0"?>
<CONFIG>
  <ProjectOptions>
    <Version Value="7"/>
    <General>
      <Flags>
        <LRSInOutputDirectory Value="False"/>
      </Flags>
      <MainUnit Value="0"/>
      <TargetFileExt Value=""/>
      <ActiveEditorIndexAtStart Value="1"/>
    </General>
    <VersionInfo>
      <ProjectVersion Value=""/>
      <Language Value=""/>
      <CharSet Value=""/>
    </VersionInfo>
    <PublishOptions>
      <Version Value="2"/>
      <IgnoreBinaries Value="False"/>
      <IncludeFileFilter Value="*.(pas|pp|inc|lfm|lpr|lrs|lpi|lpk|sh|xml)"/>
      <ExcludeFileFilter Value="*.(bak|ppu|ppw|o|so);*~;backup"/>
    </PublishOptions>
    <RunParams>
      <local>
        <FormatVersion Value="1"/>
        <LaunchingApplication PathPlusParams="/usr/X11R6/bin/xterm -T 'Lazarus Run Output' -e $(LazarusDir)/tools/runwait.sh $(TargetCmdLine)"/>
      </local>
    </RunParams>
    <RequiredPackages Count="1">
      <Item1>
        <PackageName Value="LCL"/>
      </Item1>
    </RequiredPackages>
    <Units Count="17">
      <Unit0>
        <Filename Value="project1.lpr"/>
        <IsPartOfProject Value="True"/>
        <UnitName Value="project1"/>
        <CursorPos X="1" Y="15"/>
        <TopLine Value="1"/>
        <UsageCount Value="200"/>
      </Unit0>
      <Unit1>
        <Filename Value="unit1.pas"/>
        <IsPartOfProject Value="True"/>
        <ComponentName Value="Form1"/>
        <ResourceBaseClass Value="Form"/>
        <UnitName Value="Unit1"/>
        <CursorPos X="7" Y="211"/>
        <TopLine Value="193"/>
        <EditorIndex Value="0"/>
        <UsageCount Value="200"/>
        <Loaded Value="True"/>
        <FoldState Value=" T4iB03112b"/>
      </Unit1>
      <Unit2>
        <Filename Value="domain_unit.pas"/>
        <IsPartOfProject Value="True"/>
        <UnitName Value="domain_unit"/>
        <CursorPos X="41" Y="21"/>
        <TopLine Value="4"/>
        <EditorIndex Value="3"/>
        <UsageCount Value="200"/>
        <Loaded Value="True"/>
      </Unit2>
      <Unit3>
        <Filename Value="point3d_unit.pas"/>
        <UnitName Value="point3d_unit"/>
        <CursorPos X="1" Y="10"/>
        <TopLine Value="1"/>
        <UsageCount Value="85"/>
      </Unit3>
      <Unit4>
        <Filename Value="region_unit.pas"/>
        <IsPartOfProject Value="True"/>
        <UnitName Value="region_unit"/>
        <CursorPos X="15" Y="59"/>
        <TopLine Value="36"/>
        <EditorIndex Value="2"/>
        <UsageCount Value="200"/>
        <Loaded Value="True"/>
      </Unit4>
      <Unit5>
        <Filename Value="rigidgroup_unit.pas"/>
        <IsPartOfProject Value="True"/>
        <UnitName Value="rigidgroup_unit"/>
        <CursorPos X="35" Y="84"/>
        <TopLine Value="69"/>
        <EditorIndex Value="5"/>
        <UsageCount Value="201"/>
        <Loaded Value="True"/>
      </Unit5>
      <Unit6>
        <Filename Value="atom_unit.pas"/>
        <IsPartOfProject Value="True"/>
        <UnitName Value="atom_unit"/>
        <CursorPos X="19" Y="27"/>
        <TopLine Value="2"/>
        <EditorIndex Value="4"/>
        <UsageCount Value="200"/>
        <Loaded Value="True"/>
      </Unit6>
      <Unit7>
        <Filename Value="sinewave_unit.pas"/>
        <IsPartOfProject Value="True"/>
        <UnitName Value="sineWave_unit"/>
        <CursorPos X="33" Y="71"/>
        <TopLine Value="56"/>
        <EditorIndex Value="8"/>
        <UsageCount Value="200"/>
        <Loaded Value="True"/>
      </Unit7>
      <Unit8>
        <Filename Value="linkedlist_unit.pas"/>
        <IsPartOfProject Value="True"/>
        <UnitName Value="linkedList_unit"/>
        <CursorPos X="1" Y="138"/>
        <TopLine Value="123"/>
        <UsageCount Value="368"/>
      </Unit8>
      <Unit9>
        <Filename Value="myinteger_unit.pas"/>
        <UnitName Value="myinteger_unit"/>
        <CursorPos X="47" Y="1"/>
        <TopLine Value="1"/>
        <UsageCount Value="72"/>
      </Unit9>
      <Unit10>
        <Filename Value="sinesegment_unit.pas"/>
        <UnitName Value="sineSegment_unit"/>
        <CursorPos X="1" Y="1"/>
        <TopLine Value="1"/>
        <UsageCount Value="6"/>
      </Unit10>
      <Unit11>
        <Filename Value="pointnd_unit.pas"/>
        <IsPartOfProject Value="True"/>
        <UnitName Value="pointnd_unit"/>
        <CursorPos X="36" Y="42"/>
        <TopLine Value="33"/>
        <EditorIndex Value="6"/>
        <UsageCount Value="327"/>
        <Loaded Value="True"/>
      </Unit11>
      <Unit12>
        <Filename Value="sinewaveinregion_unit.pas"/>
        <IsPartOfProject Value="True"/>
        <UnitName Value="sinewaveinregion_unit"/>
        <CursorPos X="22" Y="44"/>
        <TopLine Value="33"/>
        <EditorIndex Value="7"/>
        <UsageCount Value="235"/>
        <Loaded Value="True"/>
      </Unit12>
      <Unit13>
        <Filename Value="../../../usr/lib/lazarus/0.9.28.2/lcl/include/control.inc"/>
        <CursorPos X="1" Y="1580"/>
        <TopLine Value="1579"/>
        <UsageCount Value="11"/>
      </Unit13>
      <Unit14>
        <Filename Value="../../../usr/lib/lazarus/0.9.28.2/lcl/include/buttoncontrol.inc"/>
        <CursorPos X="1" Y="27"/>
        <TopLine Value="12"/>
        <UsageCount Value="11"/>
      </Unit14>
      <Unit15>
        <Filename Value="../../../usr/lib/lazarus/0.9.28.2/lcl/include/buttons.inc"/>
        <CursorPos X="1" Y="332"/>
        <TopLine Value="307"/>
        <UsageCount Value="11"/>
      </Unit15>
      <Unit16>
        <Filename Value="atomsine_calc_unit.pas"/>
        <IsPartOfProject Value="True"/>
        <UnitName Value="atomsine_calc_unit"/>
        <CursorPos X="16" Y="51"/>
        <TopLine Value="36"/>
        <EditorIndex Value="1"/>
        <UsageCount Value="51"/>
        <Loaded Value="True"/>
        <FoldState Value=" T4iV061X"/>
      </Unit16>
    </Units>
    <JumpHistory Count="29" HistoryIndex="28">
      <Position1>
        <Filename Value="sinewaveinregion_unit.pas"/>
        <Caret Line="53" Column="1" TopLine="28"/>
      </Position1>
      <Position2>
        <Filename Value="atomsine_calc_unit.pas"/>
        <Caret Line="57" Column="1" TopLine="42"/>
      </Position2>
      <Position3>
        <Filename Value="atomsine_calc_unit.pas"/>
        <Caret Line="58" Column="1" TopLine="43"/>
      </Position3>
      <Position4>
        <Filename Value="atomsine_calc_unit.pas"/>
        <Caret Line="59" Column="1" TopLine="44"/>
      </Position4>
      <Position5>
        <Filename Value="atomsine_calc_unit.pas"/>
        <Caret Line="61" Column="1" TopLine="46"/>
      </Position5>
      <Position6>
        <Filename Value="atomsine_calc_unit.pas"/>
        <Caret Line="63" Column="1" TopLine="48"/>
      </Position6>
      <Position7>
        <Filename Value="atomsine_calc_unit.pas"/>
        <Caret Line="65" Column="1" TopLine="50"/>
      </Position7>
      <Position8>
        <Filename Value="sinewaveinregion_unit.pas"/>
        <Caret Line="48" Column="1" TopLine="28"/>
      </Position8>
      <Position9>
        <Filename Value="sinewaveinregion_unit.pas"/>
        <Caret Line="49" Column="1" TopLine="28"/>
      </Position9>
      <Position10>
        <Filename Value="sinewaveinregion_unit.pas"/>
        <Caret Line="50" Column="1" TopLine="28"/>
      </Position10>
      <Position11>
        <Filename Value="sinewaveinregion_unit.pas"/>
        <Caret Line="51" Column="1" TopLine="28"/>
      </Position11>
      <Position12>
        <Filename Value="sinewaveinregion_unit.pas"/>
        <Caret Line="52" Column="1" TopLine="28"/>
      </Position12>
      <Position13>
        <Filename Value="sinewaveinregion_unit.pas"/>
        <Caret Line="48" Column="1" TopLine="28"/>
      </Position13>
      <Position14>
        <Filename Value="sinewaveinregion_unit.pas"/>
        <Caret Line="49" Column="1" TopLine="28"/>
      </Position14>
      <Position15>
        <Filename Value="sinewaveinregion_unit.pas"/>
        <Caret Line="50" Column="1" TopLine="28"/>
      </Position15>
      <Position16>
        <Filename Value="sinewaveinregion_unit.pas"/>
        <Caret Line="52" Column="1" TopLine="28"/>
      </Position16>
      <Position17>
        <Filename Value="sinewaveinregion_unit.pas"/>
        <Caret Line="48" Column="1" TopLine="28"/>
      </Position17>
      <Position18>
        <Filename Value="sinewaveinregion_unit.pas"/>
        <Caret Line="49" Column="1" TopLine="28"/>
      </Position18>
      <Position19>
        <Filename Value="sinewaveinregion_unit.pas"/>
        <Caret Line="50" Column="1" TopLine="28"/>
      </Position19>
      <Position20>
        <Filename Value="sinewaveinregion_unit.pas"/>
        <Caret Line="52" Column="1" TopLine="28"/>
      </Position20>
      <Position21>
        <Filename Value="sinewaveinregion_unit.pas"/>
        <Caret Line="48" Column="1" TopLine="28"/>
      </Position21>
      <Position22>
        <Filename Value="sinewaveinregion_unit.pas"/>
        <Caret Line="50" Column="83" TopLine="28"/>
      </Position22>
      <Position23>
        <Filename Value="atomsine_calc_unit.pas"/>
        <Caret Line="24" Column="56" TopLine="11"/>
      </Position23>
      <Position24>
        <Filename Value="atomsine_calc_unit.pas"/>
        <Caret Line="38" Column="51" TopLine="20"/>
      </Position24>
      <Position25>
        <Filename Value="atomsine_calc_unit.pas"/>
        <Caret Line="37" Column="11" TopLine="22"/>
      </Position25>
      <Position26>
        <Filename Value="atomsine_calc_unit.pas"/>
        <Caret Line="10" Column="13" TopLine="7"/>
      </Position26>
      <Position27>
        <Filename Value="atomsine_calc_unit.pas"/>
        <Caret Line="37" Column="80" TopLine="22"/>
      </Position27>
      <Position28>
        <Filename Value="atomsine_calc_unit.pas"/>
        <Caret Line="17" Column="93" TopLine="1"/>
      </Position28>
      <Position29>
        <Filename Value="atomsine_calc_unit.pas"/>
        <Caret Line="37" Column="14" TopLine="22"/>
      </Position29>
    </JumpHistory>
  </ProjectOptions>
  <CompilerOptions>
    <Version Value="8"/>
    <Linking>
      <Options>
        <Win32>
          <GraphicApplication Value="True"/>
        </Win32>
      </Options>
    </Linking>
    <Other>
      <CompilerPath Value="$(CompPath)"/>
    </Other>
  </CompilerOptions>
  <Debugging>
    <Exceptions Count="2">
      <Item1>
        <Name Value="ECodetoolError"/>
      </Item1>
      <Item2>
        <Name Value="EFOpenError"/>
      </Item2>
    </Exceptions>
  </Debugging>
</CONFIG>
